
Microsoft Visual Studio Solution File, Format Version 12.00
# Visual Studio Version 17
VisualStudioVersion = 17.12.35514.174
MinimumVisualStudioVersion = 10.0.40219.1
Project("{FAE04EC0-301F-11D3-BF4B-00C04F79EFBC}") = "OUFitRecWebApp", "OUFitRecWebApp.csproj", "{AEF980D6-7288-4E77-8BD1-3296E0969AD0}"
EndProject
Project("{00D1A9C2-B5F0-4AF3-8072-F6C62B433612}") = "OUFitRecDatabase", "..\OUFitRecDatabase\OUFitRecDatabase.sqlproj", "{5E584E0D-F289-4340-9377-C27C3D4D37C8}"
EndProject
Global
	GlobalSection(SolutionConfigurationPlatforms) = preSolution
		Debug|Any CPU = Debug|Any CPU
		Release|Any CPU = Release|Any CPU
	EndGlobalSection
	GlobalSection(ProjectConfigurationPlatforms) = postSolution
		{AEF980D6-7288-4E77-8BD1-3296E0969AD0}.Debug|Any CPU.ActiveCfg = Debug|Any CPU
		{AEF980D6-7288-4E77-8BD1-3296E0969AD0}.Debug|Any CPU.Build.0 = Debug|Any CPU
		{AEF980D6-7288-4E77-8BD1-3296E0969AD0}.Release|Any CPU.ActiveCfg = Release|Any CPU
		{AEF980D6-7288-4E77-8BD1-3296E0969AD0}.Release|Any CPU.Build.0 = Release|Any CPU
		{5E584E0D-F289-4340-9377-C27C3D4D37C8}.Debug|Any CPU.ActiveCfg = Debug|Any CPU
		{5E584E0D-F289-4340-9377-C27C3D4D37C8}.Debug|Any CPU.Build.0 = Debug|Any CPU
		{5E584E0D-F289-4340-9377-C27C3D4D37C8}.Debug|Any CPU.Deploy.0 = Debug|Any CPU
		{5E584E0D-F289-4340-9377-C27C3D4D37C8}.Release|Any CPU.ActiveCfg = Release|Any CPU
		{5E584E0D-F289-4340-9377-C27C3D4D37C8}.Release|Any CPU.Build.0 = Release|Any CPU
		{5E584E0D-F289-4340-9377-C27C3D4D37C8}.Release|Any CPU.Deploy.0 = Release|Any CPU
	EndGlobalSection
	GlobalSection(SolutionProperties) = preSolution
		HideSolutionNode = FALSE
	EndGlobalSection
EndGlobal
